
Microsoft Visual Studio Solution File, Format Version 12.00
# Visual Studio Version 16
VisualStudioVersion = 16.0.29911.84
MinimumVisualStudioVersion = 10.0.40219.1
Project("{FAE04EC0-301F-11D3-BF4B-00C04F79EFBC}") = "ContosoUniversity", "ContosoUniversity\ContosoUniversity.csproj", "{CE538383-09AA-4E82-9957-5E75595C57F7}"
EndProject
Global
	GlobalSection(SolutionConfigurationPlatforms) = preSolution
		Debug|Any CPU = Debug|Any CPU
		Release|Any CPU = Release|Any CPU
	EndGlobalSection
	GlobalSection(ProjectConfigurationPlatforms) = postSolution
		{CE538383-09AA-4E82-9957-5E75595C57F7}.Debug|Any CPU.ActiveCfg = Debug|Any CPU
		{CE538383-09AA-4E82-9957-5E75595C57F7}.Debug|Any CPU.Build.0 = Debug|Any CPU
		{CE538383-09AA-4E82-9957-5E75595C57F7}.Release|Any CPU.ActiveCfg = Release|Any CPU
		{CE538383-09AA-4E82-9957-5E75595C57F7}.Release|Any CPU.Build.0 = Release|Any CPU
	EndGlobalSection
	GlobalSection(SolutionProperties) = preSolution
		HideSolutionNode = FALSE
	EndGlobalSection
	GlobalSection(ExtensibilityGlobals) = postSolution
		SolutionGuid = {A45934B4-7E7F-4A8B-B421-0D6FB1190C7A}
	EndGlobalSection
EndGlobal
